# THIS IS AN AUTOGENERATED FILE. DO NOT EDIT THIS FILE DIRECTLY.
# yarn lockfile v1


"@ced2023/process@^0.1.1":
  version "0.1.1"
  resolved "https://registry.yarnpkg.com/@ced2023/process/-/process-0.1.1.tgz#fd280a4e3b954314f2869c03a1a40dd2d332dfd0"
  integrity sha512-NzbzFf1XyS+knYpIv2DO/NnP5YodlD2NSKZxWGt1WJ7XfPc2KWKXEoJEJN6rwRyQHKHy/tTqo/v0tVp0cRHzgQ==
  dependencies:
    undici-types "^5.25.3"

"@tsconfig/node18@^18.2.2":
  version "18.2.2"
  resolved "https://registry.yarnpkg.com/@tsconfig/node18/-/node18-18.2.2.tgz#81fb16ecff0d400b1cbadbf76713b50f331029ce"
  integrity sha512-d6McJeGsuoRlwWZmVIeE8CUA27lu6jLjvv1JzqmpsytOYYbVi1tHZEnwCNVOXnj4pyLvneZlFlpXUK+X9wBWyw==

"@types/node@^20.8.8":
  version "20.8.8"
  resolved "https://registry.yarnpkg.com/@types/node/-/node-20.8.8.tgz#adee050b422061ad5255fc38ff71b2bb96ea2a0e"
  integrity sha512-YRsdVxq6OaLfmR9Hy816IMp33xOBjfyOgUd77ehqg96CFywxAPbDbXvAsuN2KVg2HOT8Eh6uAfU+l4WffwPVrQ==
  dependencies:
    undici-types "~5.25.1"

typescript@^5.3.2:
  version "5.3.2"
  resolved "https://registry.yarnpkg.com/typescript/-/typescript-5.3.2.tgz#00d1c7c1c46928c5845c1ee8d0cc2791031d4c43"
  integrity sha512-6l+RyNy7oAHDfxC4FzSJcz9vnjTKxrLpDG5M2Vu4SHRVNg6xzqZp6LYSR9zjqQTu8DU/f5xwxUdADOkbrIX2gQ==

undici-types@^5.25.3:
  version "5.26.5"
  resolved "https://registry.yarnpkg.com/undici-types/-/undici-types-5.26.5.tgz#bcd539893d00b56e964fd2657a4866b221a65617"
  integrity sha512-JlCMO+ehdEIKqlFxk6IfVoAUVmgz7cU7zD/h9XZ0qzeosSHmUJVOzSQvvYSYWXkFXC+IfLKSIffhv0sVZup6pA==

undici-types@~5.25.1:
  version "5.25.3"
  resolved "https://registry.yarnpkg.com/undici-types/-/undici-types-5.25.3.tgz#e044115914c85f0bcbb229f346ab739f064998c3"
  integrity sha512-Ga1jfYwRn7+cP9v8auvEXN1rX3sWqlayd4HP7OKk4mZWylEmu3KzXDUGrQUN6Ol7qo1gPvB2e5gX6udnyEPgdA==
